
Microsoft Visual Studio Solution File, Format Version 12.00
# Visual Studio 15
VisualStudioVersion = 15.0.27703.2047
MinimumVisualStudioVersion = 10.0.40219.1
Project("{8BC9CEB8-8B4A-11D0-8D11-00A0C91BC942}") = "Demo", "Demo.vcxproj", "{1AA27089-7A7A-4D29-97DD-9206C3A3ED84}"
EndProject
Global
	GlobalSection(SolutionConfigurationPlatforms) = preSolution
		Debug|x64 = Debug|x64
		Debug|x86 = Debug|x86
		Release|x64 = Release|x64
		Release|x86 = Release|x86
	EndGlobalSection
	GlobalSection(ProjectConfigurationPlatforms) = postSolution
		{1AA27089-7A7A-4D29-97DD-9206C3A3ED84}.Debug|x64.ActiveCfg = Debug|x64
		{1AA27089-7A7A-4D29-97DD-9206C3A3ED84}.Debug|x64.Build.0 = Debug|x64
		{1AA27089-7A7A-4D29-97DD-9206C3A3ED84}.Debug|x86.ActiveCfg = Debug|Win32
		{1AA27089-7A7A-4D29-97DD-9206C3A3ED84}.Debug|x86.Build.0 = Debug|Win32
		{1AA27089-7A7A-4D29-97DD-9206C3A3ED84}.Release|x64.ActiveCfg = Release|x64
		{1AA27089-7A7A-4D29-97DD-9206C3A3ED84}.Release|x64.Build.0 = Release|x64
		{1AA27089-7A7A-4D29-97DD-9206C3A3ED84}.Release|x86.ActiveCfg = Release|Win32
		{1AA27089-7A7A-4D29-97DD-9206C3A3ED84}.Release|x86.Build.0 = Release|Win32
	EndGlobalSection
	GlobalSection(SolutionProperties) = preSolution
		HideSolutionNode = FALSE
	EndGlobalSection
	GlobalSection(ExtensibilityGlobals) = postSolution
		SolutionGuid = {3F1EEA77-C74D-48B9-97CE-E02620880AC5}
	EndGlobalSection
EndGlobal
